
Microsoft Visual Studio Solution File, Format Version 12.00
# Visual Studio Version 17
VisualStudioVersion = 17.2.32630.192
MinimumVisualStudioVersion = 10.0.40219.1
Project("{FAE04EC0-301F-11D3-BF4B-00C04F79EFBC}") = "ExercicioTradutor", "ExercicioTradutor\ExercicioTradutor.csproj", "{7DC54634-F17E-4795-82C6-FA203DBADD2E}"
EndProject
Global
	GlobalSection(SolutionConfigurationPlatforms) = preSolution
		Debug|Any CPU = Debug|Any CPU
		Release|Any CPU = Release|Any CPU
	EndGlobalSection
	GlobalSection(ProjectConfigurationPlatforms) = postSolution
		{7DC54634-F17E-4795-82C6-FA203DBADD2E}.Debug|Any CPU.ActiveCfg = Debug|Any CPU
		{7DC54634-F17E-4795-82C6-FA203DBADD2E}.Debug|Any CPU.Build.0 = Debug|Any CPU
		{7DC54634-F17E-4795-82C6-FA203DBADD2E}.Release|Any CPU.ActiveCfg = Release|Any CPU
		{7DC54634-F17E-4795-82C6-FA203DBADD2E}.Release|Any CPU.Build.0 = Release|Any CPU
	EndGlobalSection
	GlobalSection(SolutionProperties) = preSolution
		HideSolutionNode = FALSE
	EndGlobalSection
	GlobalSection(ExtensibilityGlobals) = postSolution
		SolutionGuid = {8C68CA06-401F-4C94-9E16-D3E87CD23CF2}
	EndGlobalSection
EndGlobal
